// !$*UTF8*$!
{
	archiveVersion = 1;
	classes = {
	};
	objectVersion = 46;
	objects = {

/* Begin PBXAggregateTarget section */
		2C57A36DF42B4924B228FCEE /* ZERO_CHECK */ = {
			isa = PBXAggregateTarget;
			buildConfigurationList = AFEBD3B4E58F47F4AE1080CD /* Build configuration list for PBXAggregateTarget "ZERO_CHECK" */;
			buildPhases = (
				C0A6D1ACE4B83EBF45F1B655 /* Generate CMakeFiles/ZERO_CHECK */,
			);
			dependencies = (
			);
			name = ZERO_CHECK;
			productName = ZERO_CHECK;
		};
		2DB4852B46E0144527D4271E /* install */ = {
			isa = PBXAggregateTarget;
			buildConfigurationList = C1529947CAE64C40A7259C7F /* Build configuration list for PBXAggregateTarget "install" */;
			buildPhases = (
				93426DA6A4AC2C2AC9CE883C /* CMake PostBuild Rules */,
			);
			dependencies = (
				538D84CB6AAB4EAC998EE1A8 /* PBXTargetDependency */,
			);
			name = install;
			productName = install;
		};
		E328588718949265F5F45E13 /* ALL_BUILD */ = {
			isa = PBXAggregateTarget;
			buildConfigurationList = 376381E1DF0543969B4FF521 /* Build configuration list for PBXAggregateTarget "ALL_BUILD" */;
			buildPhases = (
				E3ABF6769256216A19787052 /* Generate CMakeFiles/ALL_BUILD */,
			);
			dependencies = (
				06D282D743EB41ABBB8C970B /* PBXTargetDependency */,
				DF556FE3254942B1BA51ECE0 /* PBXTargetDependency */,
			);
			name = ALL_BUILD;
			productName = ALL_BUILD;
		};
/* End PBXAggregateTarget section */

/* Begin PBXBuildFile section */
		08F31C9772344DA3B87BDC55 /* /Users/s19447/Desktop/uPiper/NativePlugins/OpenJTalk/src/openjtalk_full_wrapper.c */ = {isa = PBXBuildFile; fileRef = 00D107A97FE5414893F7DC9A /* /Users/s19447/Desktop/uPiper/NativePlugins/OpenJTalk/src/openjtalk_full_wrapper.c */; };
		1AB21C4BC1574196AB890CFA /* /Users/s19447/Desktop/uPiper/NativePlugins/OpenJTalk/build_ios/OS64/CMakeFiles/openjtalk_wrapper.dir/Info.plist */ = {isa = PBXBuildFile; fileRef = 725E7EBB233549AB99C3D7E6 /* /Users/s19447/Desktop/uPiper/NativePlugins/OpenJTalk/build_ios/OS64/CMakeFiles/openjtalk_wrapper.dir/Info.plist */; };
		75E7963029E641BFB71FB33B /* /Users/s19447/Desktop/uPiper/NativePlugins/OpenJTalk/CMakeLists.txt */ = {isa = PBXBuildFile; fileRef = 19F0696074AB4117A2B45BE9 /* /Users/s19447/Desktop/uPiper/NativePlugins/OpenJTalk/CMakeLists.txt */; };
/* End PBXBuildFile section */

/* Begin PBXBuildStyle section */
		2BB7B43DA0E4478ABD97D2ED /* Debug */ = {
			isa = PBXBuildStyle;
			buildSettings = {
				COPY_PHASE_STRIP = NO;
			};
			name = Debug;
		};
		653D010BB03F49839E1D068C /* Release */ = {
			isa = PBXBuildStyle;
			buildSettings = {
				COPY_PHASE_STRIP = NO;
			};
			name = Release;
		};
		6BE54A2E155E4765BA4BFADC /* RelWithDebInfo */ = {
			isa = PBXBuildStyle;
			buildSettings = {
				COPY_PHASE_STRIP = NO;
			};
			name = RelWithDebInfo;
		};
		D219EDF2DD634910A2371DA7 /* MinSizeRel */ = {
			isa = PBXBuildStyle;
			buildSettings = {
				COPY_PHASE_STRIP = NO;
			};
			name = MinSizeRel;
		};
/* End PBXBuildStyle section */

/* Begin PBXContainerItemProxy section */
		17FDC1EB9F3D46F88B47F697 /* PBXContainerItemProxy */ = {
			isa = PBXContainerItemProxy;
			containerPortal = 8007075165734F08B52CE024 /* Project object */;
			proxyType = 1;
			remoteGlobalIDString = 2C57A36DF42B4924B228FCEE;
			remoteInfo = ZERO_CHECK;
		};
		2A81C49A86DA49198A55A089 /* PBXContainerItemProxy */ = {
			isa = PBXContainerItemProxy;
			containerPortal = 8007075165734F08B52CE024 /* Project object */;
			proxyType = 1;
			remoteGlobalIDString = 2C57A36DF42B4924B228FCEE;
			remoteInfo = ZERO_CHECK;
		};
		6D71F4FED7424820AA290A3D /* PBXContainerItemProxy */ = {
			isa = PBXContainerItemProxy;
			containerPortal = 8007075165734F08B52CE024 /* Project object */;
			proxyType = 1;
			remoteGlobalIDString = E328588718949265F5F45E13;
			remoteInfo = ALL_BUILD;
		};
		81B229BEAB244806B75AA253 /* PBXContainerItemProxy */ = {
			isa = PBXContainerItemProxy;
			containerPortal = 8007075165734F08B52CE024 /* Project object */;
			proxyType = 1;
			remoteGlobalIDString = FDCFA901BE623BF7CDBFE697;
			remoteInfo = openjtalk_wrapper;
		};
/* End PBXContainerItemProxy section */

/* Begin PBXFileReference section */
		00D107A97FE5414893F7DC9A /* /Users/s19447/Desktop/uPiper/NativePlugins/OpenJTalk/src/openjtalk_full_wrapper.c */ = {isa = PBXFileReference; explicitFileType = sourcecode.c.c; fileEncoding = 4; name = openjtalk_full_wrapper.c; path = src/openjtalk_full_wrapper.c; sourceTree = SOURCE_ROOT; };
		19F0696074AB4117A2B45BE9 /* /Users/s19447/Desktop/uPiper/NativePlugins/OpenJTalk/CMakeLists.txt */ = {isa = PBXFileReference; explicitFileType = sourcecode.text; fileEncoding = 4; name = CMakeLists.txt; path = CMakeLists.txt; sourceTree = SOURCE_ROOT; };
		3B49D63A17B44613B5B24B7C /* openjtalk_wrapper */ = {isa = PBXFileReference; explicitFileType = archive.ar; path = libopenjtalk_wrapper.dylib; sourceTree = BUILT_PRODUCTS_DIR; };
		725E7EBB233549AB99C3D7E6 /* /Users/s19447/Desktop/uPiper/NativePlugins/OpenJTalk/build_ios/OS64/CMakeFiles/openjtalk_wrapper.dir/Info.plist */ = {isa = PBXFileReference; explicitFileType = sourcecode.text.plist; fileEncoding = 4; name = Info.plist; path = build_ios/OS64/CMakeFiles/openjtalk_wrapper.dir/Info.plist; sourceTree = SOURCE_ROOT; };
		F514C7E2C3474FA2B2061D23 /* /Users/s19447/Desktop/uPiper/NativePlugins/OpenJTalk/CMakeLists.txt */ = {isa = PBXFileReference; explicitFileType = sourcecode.text; fileEncoding = 4; name = CMakeLists.txt; path = CMakeLists.txt; sourceTree = SOURCE_ROOT; };
/* End PBXFileReference section */

/* Begin PBXFrameworksBuildPhase section */
		EF1D888124014656A77BC3D8 /* Frameworks */ = {
			isa = PBXFrameworksBuildPhase;
			buildActionMask = 2147483647;
			files = (
			);
			runOnlyForDeploymentPostprocessing = 0;
		};
/* End PBXFrameworksBuildPhase section */

/* Begin PBXGroup section */
		043CB10806BB42308D55B44F /* Products */ = {
			isa = PBXGroup;
			children = (
				3B49D63A17B44613B5B24B7C /* openjtalk_wrapper */,
			);
			name = Products;
			sourceTree = "<group>";
		};
		468EAA32433344D99F555FD8 /* Frameworks */ = {
			isa = PBXGroup;
			children = (
			);
			name = Frameworks;
			sourceTree = "<group>";
		};
		4982F8422A9849EFAC224968 /* ALL_BUILD */ = {
			isa = PBXGroup;
			children = (
				697B430590B147FAAA942C9D /* CMake Rules */,
				F514C7E2C3474FA2B2061D23 /* /Users/s19447/Desktop/uPiper/NativePlugins/OpenJTalk/CMakeLists.txt */,
			);
			name = ALL_BUILD;
			sourceTree = "<group>";
		};
		697B430590B147FAAA942C9D /* CMake Rules */ = {
			isa = PBXGroup;
			children = (
			);
			name = "CMake Rules";
			sourceTree = "<group>";
		};
		836B274D6E8A404B9B7B7AE8 = {
			isa = PBXGroup;
			children = (
				F7F6024D27644102B7F76F51 /* openjtalk_wrapper */,
				4982F8422A9849EFAC224968 /* ALL_BUILD */,
				043CB10806BB42308D55B44F /* Products */,
				468EAA32433344D99F555FD8 /* Frameworks */,
				8D72319113BD4298830E8595 /* Resources */,
			);
			sourceTree = "<group>";
		};
		8D72319113BD4298830E8595 /* Resources */ = {
			isa = PBXGroup;
			children = (
			);
			name = Resources;
			sourceTree = "<group>";
		};
		A9048EFA485F48F288529679 /* Source Files */ = {
			isa = PBXGroup;
			children = (
				00D107A97FE5414893F7DC9A /* /Users/s19447/Desktop/uPiper/NativePlugins/OpenJTalk/src/openjtalk_full_wrapper.c */,
			);
			name = "Source Files";
			sourceTree = "<group>";
		};
		F7F6024D27644102B7F76F51 /* openjtalk_wrapper */ = {
			isa = PBXGroup;
			children = (
				A9048EFA485F48F288529679 /* Source Files */,
				FE132197A16948CEB330CDD6 /* Resources */,
				19F0696074AB4117A2B45BE9 /* /Users/s19447/Desktop/uPiper/NativePlugins/OpenJTalk/CMakeLists.txt */,
			);
			name = openjtalk_wrapper;
			sourceTree = "<group>";
		};
		FE132197A16948CEB330CDD6 /* Resources */ = {
			isa = PBXGroup;
			children = (
				725E7EBB233549AB99C3D7E6 /* /Users/s19447/Desktop/uPiper/NativePlugins/OpenJTalk/build_ios/OS64/CMakeFiles/openjtalk_wrapper.dir/Info.plist */,
			);
			name = Resources;
			sourceTree = "<group>";
		};
/* End PBXGroup section */

/* Begin PBXNativeTarget section */
		FDCFA901BE623BF7CDBFE697 /* openjtalk_wrapper */ = {
			isa = PBXNativeTarget;
			buildConfigurationList = C458DF6BB5A9432BA3359122 /* Build configuration list for PBXNativeTarget "openjtalk_wrapper" */;
			buildPhases = (
				95584E02389F49B1BD6C38B8 /* Sources */,
				EF1D888124014656A77BC3D8 /* Frameworks */,
			);
			buildRules = (
			);
			dependencies = (
				2B145061F566415488E029D1 /* PBXTargetDependency */,
			);
			name = openjtalk_wrapper;
			productName = openjtalk_wrapper;
			productReference = 3B49D63A17B44613B5B24B7C /* openjtalk_wrapper */;
			productType = "com.apple.product-type.library.static";
		};
/* End PBXNativeTarget section */

/* Begin PBXProject section */
		8007075165734F08B52CE024 /* Project object */ = {
			isa = PBXProject;
			attributes = {
				BuildIndependentTargetsInParallel = YES;
				LastUpgradeCheck = 2600;
			};
			buildConfigurationList = A6A469981282478F8ED4462B /* Build configuration list for PBXProject "openjtalk_wrapper" */;
			buildSettings = {
			};
			buildStyles = (
				2BB7B43DA0E4478ABD97D2ED /* Debug */,
				653D010BB03F49839E1D068C /* Release */,
				D219EDF2DD634910A2371DA7 /* MinSizeRel */,
				6BE54A2E155E4765BA4BFADC /* RelWithDebInfo */,
			);
			compatibilityVersion = "Xcode 3.2";
			hasScannedForEncodings = 0;
			mainGroup = 836B274D6E8A404B9B7B7AE8;
			projectDirPath = /Users/s19447/Desktop/uPiper/NativePlugins/OpenJTalk;
			projectRoot = "";
			targets = (
				E328588718949265F5F45E13 /* ALL_BUILD */,
				2DB4852B46E0144527D4271E /* install */,
				FDCFA901BE623BF7CDBFE697 /* openjtalk_wrapper */,
				2C57A36DF42B4924B228FCEE /* ZERO_CHECK */,
			);
		};
/* End PBXProject section */

/* Begin PBXShellScriptBuildPhase section */
		3C0110FC8322DE7E50886E21 = {
			isa = PBXShellScriptBuildPhase;
			buildActionMask = 2147483647;
			files = (
			);
			inputPaths = (
			);
			outputPaths = (
			);
			runOnlyForDeploymentPostprocessing = 0;
			shellPath = /bin/sh;
			shellScript = "# shell script goes here
exit 0";
			showEnvVarsInLog = 0;
		};
		87AF4882E018677E2624B544 = {
			isa = PBXShellScriptBuildPhase;
			buildActionMask = 2147483647;
			files = (
			);
			inputPaths = (
			);
			outputPaths = (
			);
			runOnlyForDeploymentPostprocessing = 0;
			shellPath = /bin/sh;
			shellScript = "# shell script goes here
exit 0";
			showEnvVarsInLog = 0;
		};
		93426DA6A4AC2C2AC9CE883C /* CMake PostBuild Rules */ = {
			isa = PBXShellScriptBuildPhase;
			alwaysOutOfDate = 1;
			buildActionMask = 2147483647;
			files = (
			);
			inputPaths = (
			);
			name = "CMake PostBuild Rules";
			outputPaths = (
			);
			runOnlyForDeploymentPostprocessing = 0;
			shellPath = /bin/sh;
			shellScript = "set -e
if test \"$CONFIGURATION\" = \"Debug\"; then :
  cd /Users/s19447/Desktop/uPiper/NativePlugins/OpenJTalk/build_ios/OS64
  /opt/homebrew/bin/cmake -DBUILD_TYPE=$CONFIGURATION -DEFFECTIVE_PLATFORM_NAME=$EFFECTIVE_PLATFORM_NAME -P cmake_install.cmake
fi
if test \"$CONFIGURATION\" = \"Release\"; then :
  cd /Users/s19447/Desktop/uPiper/NativePlugins/OpenJTalk/build_ios/OS64
  /opt/homebrew/bin/cmake -DBUILD_TYPE=$CONFIGURATION -DEFFECTIVE_PLATFORM_NAME=$EFFECTIVE_PLATFORM_NAME -P cmake_install.cmake
fi
if test \"$CONFIGURATION\" = \"MinSizeRel\"; then :
  cd /Users/s19447/Desktop/uPiper/NativePlugins/OpenJTalk/build_ios/OS64
  /opt/homebrew/bin/cmake -DBUILD_TYPE=$CONFIGURATION -DEFFECTIVE_PLATFORM_NAME=$EFFECTIVE_PLATFORM_NAME -P cmake_install.cmake
fi
if test \"$CONFIGURATION\" = \"RelWithDebInfo\"; then :
  cd /Users/s19447/Desktop/uPiper/NativePlugins/OpenJTalk/build_ios/OS64
  /opt/homebrew/bin/cmake -DBUILD_TYPE=$CONFIGURATION -DEFFECTIVE_PLATFORM_NAME=$EFFECTIVE_PLATFORM_NAME -P cmake_install.cmake
fi
";
			showEnvVarsInLog = 0;
		};
		9B50530E35CC49C82C2FACCF = {
			isa = PBXShellScriptBuildPhase;
			buildActionMask = 2147483647;
			files = (
			);
			inputPaths = (
			);
			outputPaths = (
			);
			runOnlyForDeploymentPostprocessing = 0;
			shellPath = /bin/sh;
			shellScript = "# shell script goes here
exit 0";
			showEnvVarsInLog = 0;
		};
		C0A6D1ACE4B83EBF45F1B655 /* Generate CMakeFiles/ZERO_CHECK */ = {
			isa = PBXShellScriptBuildPhase;
			alwaysOutOfDate = 1;
			buildActionMask = 2147483647;
			files = (
			);
			inputPaths = (
			);
			name = "Generate CMakeFiles/ZERO_CHECK";
			outputPaths = (
/Users/s19447/Desktop/uPiper/NativePlugins/OpenJTalk/build_ios/OS64/CMakeFiles/ZERO_CHECK			);
			runOnlyForDeploymentPostprocessing = 0;
			shellPath = /bin/sh;
			shellScript = "set -e
if test \"$CONFIGURATION\" = \"Debug\"; then :
  cd /Users/s19447/Desktop/uPiper/NativePlugins/OpenJTalk/build_ios/OS64
  make -f /Users/s19447/Desktop/uPiper/NativePlugins/OpenJTalk/build_ios/OS64/CMakeScripts/ReRunCMake.make
fi
if test \"$CONFIGURATION\" = \"Release\"; then :
  cd /Users/s19447/Desktop/uPiper/NativePlugins/OpenJTalk/build_ios/OS64
  make -f /Users/s19447/Desktop/uPiper/NativePlugins/OpenJTalk/build_ios/OS64/CMakeScripts/ReRunCMake.make
fi
if test \"$CONFIGURATION\" = \"MinSizeRel\"; then :
  cd /Users/s19447/Desktop/uPiper/NativePlugins/OpenJTalk/build_ios/OS64
  make -f /Users/s19447/Desktop/uPiper/NativePlugins/OpenJTalk/build_ios/OS64/CMakeScripts/ReRunCMake.make
fi
if test \"$CONFIGURATION\" = \"RelWithDebInfo\"; then :
  cd /Users/s19447/Desktop/uPiper/NativePlugins/OpenJTalk/build_ios/OS64
  make -f /Users/s19447/Desktop/uPiper/NativePlugins/OpenJTalk/build_ios/OS64/CMakeScripts/ReRunCMake.make
fi
";
			showEnvVarsInLog = 0;
		};
		E3ABF6769256216A19787052 /* Generate CMakeFiles/ALL_BUILD */ = {
			isa = PBXShellScriptBuildPhase;
			alwaysOutOfDate = 1;
			buildActionMask = 2147483647;
			files = (
			);
			inputPaths = (
			);
			name = "Generate CMakeFiles/ALL_BUILD";
			outputPaths = (
/Users/s19447/Desktop/uPiper/NativePlugins/OpenJTalk/build_ios/OS64/CMakeFiles/ALL_BUILD			);
			runOnlyForDeploymentPostprocessing = 0;
			shellPath = /bin/sh;
			shellScript = "set -e
if test \"$CONFIGURATION\" = \"Debug\"; then :
  cd /Users/s19447/Desktop/uPiper/NativePlugins/OpenJTalk/build_ios/OS64
  echo Build\\ all\\ projects
fi
if test \"$CONFIGURATION\" = \"Release\"; then :
  cd /Users/s19447/Desktop/uPiper/NativePlugins/OpenJTalk/build_ios/OS64
  echo Build\\ all\\ projects
fi
if test \"$CONFIGURATION\" = \"MinSizeRel\"; then :
  cd /Users/s19447/Desktop/uPiper/NativePlugins/OpenJTalk/build_ios/OS64
  echo Build\\ all\\ projects
fi
if test \"$CONFIGURATION\" = \"RelWithDebInfo\"; then :
  cd /Users/s19447/Desktop/uPiper/NativePlugins/OpenJTalk/build_ios/OS64
  echo Build\\ all\\ projects
fi
";
			showEnvVarsInLog = 0;
		};
/* End PBXShellScriptBuildPhase section */

/* Begin PBXSourcesBuildPhase section */
		95584E02389F49B1BD6C38B8 /* Sources */ = {
			isa = PBXSourcesBuildPhase;
			buildActionMask = 2147483647;
			files = (
				08F31C9772344DA3B87BDC55 /* /Users/s19447/Desktop/uPiper/NativePlugins/OpenJTalk/src/openjtalk_full_wrapper.c */,
			);
			runOnlyForDeploymentPostprocessing = 0;
		};
/* End PBXSourcesBuildPhase section */

/* Begin PBXTargetDependency section */
		06D282D743EB41ABBB8C970B /* PBXTargetDependency */ = {
			isa = PBXTargetDependency;
			target = FDCFA901BE623BF7CDBFE697 /* openjtalk_wrapper */;
			targetProxy = 81B229BEAB244806B75AA253 /* PBXContainerItemProxy */;
		};
		2B145061F566415488E029D1 /* PBXTargetDependency */ = {
			isa = PBXTargetDependency;
			target = 2C57A36DF42B4924B228FCEE /* ZERO_CHECK */;
			targetProxy = 2A81C49A86DA49198A55A089 /* PBXContainerItemProxy */;
		};
		538D84CB6AAB4EAC998EE1A8 /* PBXTargetDependency */ = {
			isa = PBXTargetDependency;
			target = E328588718949265F5F45E13 /* ALL_BUILD */;
			targetProxy = 6D71F4FED7424820AA290A3D /* PBXContainerItemProxy */;
		};
		DF556FE3254942B1BA51ECE0 /* PBXTargetDependency */ = {
			isa = PBXTargetDependency;
			target = 2C57A36DF42B4924B228FCEE /* ZERO_CHECK */;
			targetProxy = 17FDC1EB9F3D46F88B47F697 /* PBXContainerItemProxy */;
		};
/* End PBXTargetDependency section */

/* Begin XCBuildConfiguration section */
		02C67F3E86FF4CBD92AA393A /* RelWithDebInfo */ = {
			isa = XCBuildConfiguration;
			buildSettings = {
				ALWAYS_SEARCH_USER_PATHS = NO;
				COMBINE_HIDPI_IMAGES = YES;
				GCC_GENERATE_DEBUGGING_SYMBOLS = YES;
				GCC_INLINES_ARE_PRIVATE_EXTERN = NO;
				GCC_OPTIMIZATION_LEVEL = 0;
				GCC_PREPROCESSOR_DEFINITIONS = ("'CMAKE_INTDIR=\"$(CONFIGURATION)$(EFFECTIVE_PLATFORM_NAME)\"'","$(inherited)");
				GCC_SYMBOLS_PRIVATE_EXTERN = NO;
				INSTALL_PATH = "";
				OTHER_LDFLAGS = ("","$(inherited)");
				OTHER_REZFLAGS = "";
				PRODUCT_NAME = ALL_BUILD;
				SECTORDER_FLAGS = "";
				USE_HEADERMAP = NO;
				WARNING_CFLAGS = ("$(inherited)");
			};
			name = RelWithDebInfo;
		};
		2755AAA63277443F9D61B5CB /* Release */ = {
			isa = XCBuildConfiguration;
			buildSettings = {
				ARCHS = arm64;
				"ARCHS[sdk=iphoneos*]" = arm64;
				CLANG_CXX_LIBRARY = "libc++";
				CLANG_ENABLE_OBJC_ARC = YES;
				CODE_SIGNING_ALLOWED = NO;
				CODE_SIGNING_REQUIRED = NO;
				ENABLE_BITCODE = NO;
				GCC_SYMBOLS_PRIVATE_EXTERN = YES;
				IPHONEOS_DEPLOYMENT_TARGET = 13.0;
				ONLY_ACTIVE_ARCH = NO;
				SDKROOT = /Applications/Xcode.app/Contents/Developer/Platforms/iPhoneOS.platform/Developer/SDKs/iPhoneOS26.0.sdk;
				SWIFT_COMPILATION_MODE = wholemodule;
				SYMROOT = /Users/s19447/Desktop/uPiper/NativePlugins/OpenJTalk/build_ios/OS64/build;
				"VALID_ARCHS[sdk=iphoneos*]" = arm64;
			};
			name = Release;
		};
		2D28B0457C5B4A22AAD5395A /* Release */ = {
			isa = XCBuildConfiguration;
			buildSettings = {
				ALWAYS_SEARCH_USER_PATHS = NO;
				ARCHS = arm64;
				COMBINE_HIDPI_IMAGES = YES;
				CONFIGURATION_BUILD_DIR = /Users/s19447/Desktop/uPiper/NativePlugins/OpenJTalk/build_ios/OS64/lib/Release;
				EXECUTABLE_PREFIX = lib;
				EXECUTABLE_SUFFIX = .dylib;
				GCC_GENERATE_DEBUGGING_SYMBOLS = NO;
				GCC_INLINES_ARE_PRIVATE_EXTERN = NO;
				GCC_OPTIMIZATION_LEVEL = 3;
				GCC_PREPROCESSOR_DEFINITIONS = ("'CMAKE_INTDIR=\"$(CONFIGURATION)$(EFFECTIVE_PLATFORM_NAME)\"'",IOS,"$(inherited)");
				GCC_SYMBOLS_PRIVATE_EXTERN = NO;
				HEADER_SEARCH_PATHS = (/Users/s19447/Desktop/uPiper/NativePlugins/OpenJTalk/include,/Users/s19447/Desktop/uPiper/NativePlugins/OpenJTalk/external/openjtalk_build/install/include,"/Users/s19447/Desktop/uPiper/NativePlugins/OpenJTalk/external/openjtalk_build/open_jtalk-1.11/jpcommon","/Users/s19447/Desktop/uPiper/NativePlugins/OpenJTalk/external/openjtalk_build/open_jtalk-1.11/njd","/Users/s19447/Desktop/uPiper/NativePlugins/OpenJTalk/external/openjtalk_build/open_jtalk-1.11/mecab/src","/Users/s19447/Desktop/uPiper/NativePlugins/OpenJTalk/external/openjtalk_build/open_jtalk-1.11/text2mecab","/Users/s19447/Desktop/uPiper/NativePlugins/OpenJTalk/external/openjtalk_build/open_jtalk-1.11/mecab2njd","/Users/s19447/Desktop/uPiper/NativePlugins/OpenJTalk/external/openjtalk_build/open_jtalk-1.11/njd_set_pronunciation","/Users/s19447/Desktop/uPiper/NativePlugins/OpenJTalk/external/openjtalk_build/open_jtalk-1.11/njd_set_digit","/Users/s19447/Desktop/uPiper/NativePlugins/OpenJTalk/external/openjtalk_build/open_jtalk-1.11/njd_set_accent_phrase","/Users/s19447/Desktop/uPiper/NativePlugins/OpenJTalk/external/openjtalk_build/open_jtalk-1.11/njd_set_accent_type","/Users/s19447/Desktop/uPiper/NativePlugins/OpenJTalk/external/openjtalk_build/open_jtalk-1.11/njd_set_unvoiced_vowel","/Users/s19447/Desktop/uPiper/NativePlugins/OpenJTalk/external/openjtalk_build/open_jtalk-1.11/njd_set_long_vowel","/Users/s19447/Desktop/uPiper/NativePlugins/OpenJTalk/external/openjtalk_build/open_jtalk-1.11/njd2jpcommon","$(inherited)");
				INSTALL_PATH = "";
				LIBRARY_STYLE = STATIC;
				ONLY_ACTIVE_ARCH = NO;
				OTHER_CFLAGS = (" -fembed-bitcode     -DNDEBUG '-std=gnu99' -fPIC -Wall     ","$(inherited)");
				OTHER_LIBTOOLFLAGS = ("");
				OTHER_REZFLAGS = "";
				PRODUCT_NAME = openjtalk_wrapper;
				SECTORDER_FLAGS = "";
				TARGET_TEMP_DIR = "/Users/s19447/Desktop/uPiper/NativePlugins/OpenJTalk/build_ios/OS64/build/openjtalk_wrapper.build/$(CONFIGURATION)$(EFFECTIVE_PLATFORM_NAME)";
				USE_HEADERMAP = NO;
				VALID_ARCHS = arm64;
				WARNING_CFLAGS = ("$(inherited)");
			};
			name = Release;
		};
		2F4BA3BF4438461D9A1E273B /* MinSizeRel */ = {
			isa = XCBuildConfiguration;
			buildSettings = {
				ALWAYS_SEARCH_USER_PATHS = NO;
				COMBINE_HIDPI_IMAGES = YES;
				GCC_GENERATE_DEBUGGING_SYMBOLS = YES;
				GCC_INLINES_ARE_PRIVATE_EXTERN = NO;
				GCC_OPTIMIZATION_LEVEL = 0;
				GCC_PREPROCESSOR_DEFINITIONS = ("'CMAKE_INTDIR=\"$(CONFIGURATION)$(EFFECTIVE_PLATFORM_NAME)\"'","$(inherited)");
				GCC_SYMBOLS_PRIVATE_EXTERN = NO;
				INSTALL_PATH = "";
				OTHER_LDFLAGS = ("","$(inherited)");
				OTHER_REZFLAGS = "";
				PRODUCT_NAME = install;
				SECTORDER_FLAGS = "";
				USE_HEADERMAP = NO;
				WARNING_CFLAGS = ("$(inherited)");
			};
			name = MinSizeRel;
		};
		4660DDFFA5404128AE60D4C1 /* RelWithDebInfo */ = {
			isa = XCBuildConfiguration;
			buildSettings = {
				ALWAYS_SEARCH_USER_PATHS = NO;
				COMBINE_HIDPI_IMAGES = YES;
				GCC_GENERATE_DEBUGGING_SYMBOLS = YES;
				GCC_INLINES_ARE_PRIVATE_EXTERN = NO;
				GCC_OPTIMIZATION_LEVEL = 0;
				GCC_PREPROCESSOR_DEFINITIONS = ("'CMAKE_INTDIR=\"$(CONFIGURATION)$(EFFECTIVE_PLATFORM_NAME)\"'","$(inherited)");
				GCC_SYMBOLS_PRIVATE_EXTERN = NO;
				INSTALL_PATH = "";
				OTHER_LDFLAGS = ("","$(inherited)");
				OTHER_REZFLAGS = "";
				PRODUCT_NAME = ZERO_CHECK;
				SECTORDER_FLAGS = "";
				USE_HEADERMAP = NO;
				WARNING_CFLAGS = ("$(inherited)");
			};
			name = RelWithDebInfo;
		};
		49A4A612943244B5ADE0EAFD /* Debug */ = {
			isa = XCBuildConfiguration;
			buildSettings = {
				ALWAYS_SEARCH_USER_PATHS = NO;
				ARCHS = arm64;
				COMBINE_HIDPI_IMAGES = YES;
				CONFIGURATION_BUILD_DIR = /Users/s19447/Desktop/uPiper/NativePlugins/OpenJTalk/build_ios/OS64/lib/Debug;
				EXECUTABLE_PREFIX = lib;
				EXECUTABLE_SUFFIX = .dylib;
				GCC_GENERATE_DEBUGGING_SYMBOLS = YES;
				GCC_INLINES_ARE_PRIVATE_EXTERN = NO;
				GCC_OPTIMIZATION_LEVEL = 3;
				GCC_PREPROCESSOR_DEFINITIONS = ("'CMAKE_INTDIR=\"$(CONFIGURATION)$(EFFECTIVE_PLATFORM_NAME)\"'",IOS,"$(inherited)");
				GCC_SYMBOLS_PRIVATE_EXTERN = NO;
				HEADER_SEARCH_PATHS = (/Users/s19447/Desktop/uPiper/NativePlugins/OpenJTalk/include,/Users/s19447/Desktop/uPiper/NativePlugins/OpenJTalk/external/openjtalk_build/install/include,"/Users/s19447/Desktop/uPiper/NativePlugins/OpenJTalk/external/openjtalk_build/open_jtalk-1.11/jpcommon","/Users/s19447/Desktop/uPiper/NativePlugins/OpenJTalk/external/openjtalk_build/open_jtalk-1.11/njd","/Users/s19447/Desktop/uPiper/NativePlugins/OpenJTalk/external/openjtalk_build/open_jtalk-1.11/mecab/src","/Users/s19447/Desktop/uPiper/NativePlugins/OpenJTalk/external/openjtalk_build/open_jtalk-1.11/text2mecab","/Users/s19447/Desktop/uPiper/NativePlugins/OpenJTalk/external/openjtalk_build/open_jtalk-1.11/mecab2njd","/Users/s19447/Desktop/uPiper/NativePlugins/OpenJTalk/external/openjtalk_build/open_jtalk-1.11/njd_set_pronunciation","/Users/s19447/Desktop/uPiper/NativePlugins/OpenJTalk/external/openjtalk_build/open_jtalk-1.11/njd_set_digit","/Users/s19447/Desktop/uPiper/NativePlugins/OpenJTalk/external/openjtalk_build/open_jtalk-1.11/njd_set_accent_phrase","/Users/s19447/Desktop/uPiper/NativePlugins/OpenJTalk/external/openjtalk_build/open_jtalk-1.11/njd_set_accent_type","/Users/s19447/Desktop/uPiper/NativePlugins/OpenJTalk/external/openjtalk_build/open_jtalk-1.11/njd_set_unvoiced_vowel","/Users/s19447/Desktop/uPiper/NativePlugins/OpenJTalk/external/openjtalk_build/open_jtalk-1.11/njd_set_long_vowel","/Users/s19447/Desktop/uPiper/NativePlugins/OpenJTalk/external/openjtalk_build/open_jtalk-1.11/njd2jpcommon","$(inherited)");
				INSTALL_PATH = "";
				LIBRARY_STYLE = STATIC;
				ONLY_ACTIVE_ARCH = NO;
				OTHER_CFLAGS = (" -fembed-bitcode    '-std=gnu99' -fPIC -Wall     ","$(inherited)");
				OTHER_LIBTOOLFLAGS = ("");
				OTHER_REZFLAGS = "";
				PRODUCT_NAME = openjtalk_wrapper;
				SECTORDER_FLAGS = "";
				TARGET_TEMP_DIR = "/Users/s19447/Desktop/uPiper/NativePlugins/OpenJTalk/build_ios/OS64/build/openjtalk_wrapper.build/$(CONFIGURATION)$(EFFECTIVE_PLATFORM_NAME)";
				USE_HEADERMAP = NO;
				VALID_ARCHS = arm64;
				WARNING_CFLAGS = ("$(inherited)");
			};
			name = Debug;
		};
		5A4859B70CBC4CCA91DFABE7 /* Release */ = {
			isa = XCBuildConfiguration;
			buildSettings = {
				ALWAYS_SEARCH_USER_PATHS = NO;
				COMBINE_HIDPI_IMAGES = YES;
				GCC_GENERATE_DEBUGGING_SYMBOLS = YES;
				GCC_INLINES_ARE_PRIVATE_EXTERN = NO;
				GCC_OPTIMIZATION_LEVEL = 0;
				GCC_PREPROCESSOR_DEFINITIONS = ("'CMAKE_INTDIR=\"$(CONFIGURATION)$(EFFECTIVE_PLATFORM_NAME)\"'","$(inherited)");
				GCC_SYMBOLS_PRIVATE_EXTERN = NO;
				INSTALL_PATH = "";
				OTHER_LDFLAGS = ("","$(inherited)");
				OTHER_REZFLAGS = "";
				PRODUCT_NAME = install;
				SECTORDER_FLAGS = "";
				USE_HEADERMAP = NO;
				WARNING_CFLAGS = ("$(inherited)");
			};
			name = Release;
		};
		5B9066D150434E389A581437 /* RelWithDebInfo */ = {
			isa = XCBuildConfiguration;
			buildSettings = {
				ALWAYS_SEARCH_USER_PATHS = NO;
				COMBINE_HIDPI_IMAGES = YES;
				GCC_GENERATE_DEBUGGING_SYMBOLS = YES;
				GCC_INLINES_ARE_PRIVATE_EXTERN = NO;
				GCC_OPTIMIZATION_LEVEL = 0;
				GCC_PREPROCESSOR_DEFINITIONS = ("'CMAKE_INTDIR=\"$(CONFIGURATION)$(EFFECTIVE_PLATFORM_NAME)\"'","$(inherited)");
				GCC_SYMBOLS_PRIVATE_EXTERN = NO;
				INSTALL_PATH = "";
				OTHER_LDFLAGS = ("","$(inherited)");
				OTHER_REZFLAGS = "";
				PRODUCT_NAME = install;
				SECTORDER_FLAGS = "";
				USE_HEADERMAP = NO;
				WARNING_CFLAGS = ("$(inherited)");
			};
			name = RelWithDebInfo;
		};
		6EE3AA6FE36A49EAB94D90DD /* Debug */ = {
			isa = XCBuildConfiguration;
			buildSettings = {
				ALWAYS_SEARCH_USER_PATHS = NO;
				COMBINE_HIDPI_IMAGES = YES;
				GCC_GENERATE_DEBUGGING_SYMBOLS = YES;
				GCC_INLINES_ARE_PRIVATE_EXTERN = NO;
				GCC_OPTIMIZATION_LEVEL = 0;
				GCC_PREPROCESSOR_DEFINITIONS = ("'CMAKE_INTDIR=\"$(CONFIGURATION)$(EFFECTIVE_PLATFORM_NAME)\"'","$(inherited)");
				GCC_SYMBOLS_PRIVATE_EXTERN = NO;
				INSTALL_PATH = "";
				OTHER_LDFLAGS = ("","$(inherited)");
				OTHER_REZFLAGS = "";
				PRODUCT_NAME = ALL_BUILD;
				SECTORDER_FLAGS = "";
				USE_HEADERMAP = NO;
				WARNING_CFLAGS = ("$(inherited)");
			};
			name = Debug;
		};
		745C7FE423EF4CC59F04B118 /* MinSizeRel */ = {
			isa = XCBuildConfiguration;
			buildSettings = {
				ALWAYS_SEARCH_USER_PATHS = NO;
				ARCHS = arm64;
				COMBINE_HIDPI_IMAGES = YES;
				CONFIGURATION_BUILD_DIR = /Users/s19447/Desktop/uPiper/NativePlugins/OpenJTalk/build_ios/OS64/lib/MinSizeRel;
				EXECUTABLE_PREFIX = lib;
				EXECUTABLE_SUFFIX = .dylib;
				GCC_GENERATE_DEBUGGING_SYMBOLS = NO;
				GCC_INLINES_ARE_PRIVATE_EXTERN = NO;
				GCC_OPTIMIZATION_LEVEL = 3;
				GCC_PREPROCESSOR_DEFINITIONS = ("'CMAKE_INTDIR=\"$(CONFIGURATION)$(EFFECTIVE_PLATFORM_NAME)\"'",IOS,"$(inherited)");
				GCC_SYMBOLS_PRIVATE_EXTERN = NO;
				HEADER_SEARCH_PATHS = (/Users/s19447/Desktop/uPiper/NativePlugins/OpenJTalk/include,/Users/s19447/Desktop/uPiper/NativePlugins/OpenJTalk/external/openjtalk_build/install/include,"/Users/s19447/Desktop/uPiper/NativePlugins/OpenJTalk/external/openjtalk_build/open_jtalk-1.11/jpcommon","/Users/s19447/Desktop/uPiper/NativePlugins/OpenJTalk/external/openjtalk_build/open_jtalk-1.11/njd","/Users/s19447/Desktop/uPiper/NativePlugins/OpenJTalk/external/openjtalk_build/open_jtalk-1.11/mecab/src","/Users/s19447/Desktop/uPiper/NativePlugins/OpenJTalk/external/openjtalk_build/open_jtalk-1.11/text2mecab","/Users/s19447/Desktop/uPiper/NativePlugins/OpenJTalk/external/openjtalk_build/open_jtalk-1.11/mecab2njd","/Users/s19447/Desktop/uPiper/NativePlugins/OpenJTalk/external/openjtalk_build/open_jtalk-1.11/njd_set_pronunciation","/Users/s19447/Desktop/uPiper/NativePlugins/OpenJTalk/external/openjtalk_build/open_jtalk-1.11/njd_set_digit","/Users/s19447/Desktop/uPiper/NativePlugins/OpenJTalk/external/openjtalk_build/open_jtalk-1.11/njd_set_accent_phrase","/Users/s19447/Desktop/uPiper/NativePlugins/OpenJTalk/external/openjtalk_build/open_jtalk-1.11/njd_set_accent_type","/Users/s19447/Desktop/uPiper/NativePlugins/OpenJTalk/external/openjtalk_build/open_jtalk-1.11/njd_set_unvoiced_vowel","/Users/s19447/Desktop/uPiper/NativePlugins/OpenJTalk/external/openjtalk_build/open_jtalk-1.11/njd_set_long_vowel","/Users/s19447/Desktop/uPiper/NativePlugins/OpenJTalk/external/openjtalk_build/open_jtalk-1.11/njd2jpcommon","$(inherited)");
				INSTALL_PATH = "";
				LIBRARY_STYLE = STATIC;
				ONLY_ACTIVE_ARCH = NO;
				OTHER_CFLAGS = (" -fembed-bitcode     -DNDEBUG '-std=gnu99' -fPIC -Wall     ","$(inherited)");
				OTHER_LIBTOOLFLAGS = ("");
				OTHER_REZFLAGS = "";
				PRODUCT_NAME = openjtalk_wrapper;
				SECTORDER_FLAGS = "";
				TARGET_TEMP_DIR = "/Users/s19447/Desktop/uPiper/NativePlugins/OpenJTalk/build_ios/OS64/build/openjtalk_wrapper.build/$(CONFIGURATION)$(EFFECTIVE_PLATFORM_NAME)";
				USE_HEADERMAP = NO;
				VALID_ARCHS = arm64;
				WARNING_CFLAGS = ("$(inherited)");
			};
			name = MinSizeRel;
		};
		81B11B7265C54612AB3EA0C1 /* Debug */ = {
			isa = XCBuildConfiguration;
			buildSettings = {
				ALWAYS_SEARCH_USER_PATHS = NO;
				COMBINE_HIDPI_IMAGES = YES;
				GCC_GENERATE_DEBUGGING_SYMBOLS = YES;
				GCC_INLINES_ARE_PRIVATE_EXTERN = NO;
				GCC_OPTIMIZATION_LEVEL = 0;
				GCC_PREPROCESSOR_DEFINITIONS = ("'CMAKE_INTDIR=\"$(CONFIGURATION)$(EFFECTIVE_PLATFORM_NAME)\"'","$(inherited)");
				GCC_SYMBOLS_PRIVATE_EXTERN = NO;
				INSTALL_PATH = "";
				OTHER_LDFLAGS = ("","$(inherited)");
				OTHER_REZFLAGS = "";
				PRODUCT_NAME = install;
				SECTORDER_FLAGS = "";
				USE_HEADERMAP = NO;
				WARNING_CFLAGS = ("$(inherited)");
			};
			name = Debug;
		};
		8423F447EFEF4890905CDB91 /* MinSizeRel */ = {
			isa = XCBuildConfiguration;
			buildSettings = {
				ARCHS = arm64;
				"ARCHS[sdk=iphoneos*]" = arm64;
				CLANG_CXX_LIBRARY = "libc++";
				CLANG_ENABLE_OBJC_ARC = YES;
				CODE_SIGNING_ALLOWED = NO;
				CODE_SIGNING_REQUIRED = NO;
				ENABLE_BITCODE = NO;
				GCC_SYMBOLS_PRIVATE_EXTERN = YES;
				IPHONEOS_DEPLOYMENT_TARGET = 13.0;
				ONLY_ACTIVE_ARCH = NO;
				SDKROOT = /Applications/Xcode.app/Contents/Developer/Platforms/iPhoneOS.platform/Developer/SDKs/iPhoneOS26.0.sdk;
				SWIFT_COMPILATION_MODE = wholemodule;
				SYMROOT = /Users/s19447/Desktop/uPiper/NativePlugins/OpenJTalk/build_ios/OS64/build;
				"VALID_ARCHS[sdk=iphoneos*]" = arm64;
			};
			name = MinSizeRel;
		};
		9C0B81E820154BD2AF317E03 /* MinSizeRel */ = {
			isa = XCBuildConfiguration;
			buildSettings = {
				ALWAYS_SEARCH_USER_PATHS = NO;
				COMBINE_HIDPI_IMAGES = YES;
				GCC_GENERATE_DEBUGGING_SYMBOLS = YES;
				GCC_INLINES_ARE_PRIVATE_EXTERN = NO;
				GCC_OPTIMIZATION_LEVEL = 0;
				GCC_PREPROCESSOR_DEFINITIONS = ("'CMAKE_INTDIR=\"$(CONFIGURATION)$(EFFECTIVE_PLATFORM_NAME)\"'","$(inherited)");
				GCC_SYMBOLS_PRIVATE_EXTERN = NO;
				INSTALL_PATH = "";
				OTHER_LDFLAGS = ("","$(inherited)");
				OTHER_REZFLAGS = "";
				PRODUCT_NAME = ALL_BUILD;
				SECTORDER_FLAGS = "";
				USE_HEADERMAP = NO;
				WARNING_CFLAGS = ("$(inherited)");
			};
			name = MinSizeRel;
		};
		A09A3A701048453DB7153304 /* Debug */ = {
			isa = XCBuildConfiguration;
			buildSettings = {
				ALWAYS_SEARCH_USER_PATHS = NO;
				COMBINE_HIDPI_IMAGES = YES;
				GCC_GENERATE_DEBUGGING_SYMBOLS = YES;
				GCC_INLINES_ARE_PRIVATE_EXTERN = NO;
				GCC_OPTIMIZATION_LEVEL = 0;
				GCC_PREPROCESSOR_DEFINITIONS = ("'CMAKE_INTDIR=\"$(CONFIGURATION)$(EFFECTIVE_PLATFORM_NAME)\"'","$(inherited)");
				GCC_SYMBOLS_PRIVATE_EXTERN = NO;
				INSTALL_PATH = "";
				OTHER_LDFLAGS = ("","$(inherited)");
				OTHER_REZFLAGS = "";
				PRODUCT_NAME = ZERO_CHECK;
				SECTORDER_FLAGS = "";
				USE_HEADERMAP = NO;
				WARNING_CFLAGS = ("$(inherited)");
			};
			name = Debug;
		};
		A9C6CAFCBC634D7AB270092E /* RelWithDebInfo */ = {
			isa = XCBuildConfiguration;
			buildSettings = {
				ARCHS = arm64;
				"ARCHS[sdk=iphoneos*]" = arm64;
				CLANG_CXX_LIBRARY = "libc++";
				CLANG_ENABLE_OBJC_ARC = YES;
				CODE_SIGNING_ALLOWED = NO;
				CODE_SIGNING_REQUIRED = NO;
				ENABLE_BITCODE = NO;
				GCC_SYMBOLS_PRIVATE_EXTERN = YES;
				IPHONEOS_DEPLOYMENT_TARGET = 13.0;
				ONLY_ACTIVE_ARCH = NO;
				SDKROOT = /Applications/Xcode.app/Contents/Developer/Platforms/iPhoneOS.platform/Developer/SDKs/iPhoneOS26.0.sdk;
				SWIFT_COMPILATION_MODE = wholemodule;
				SYMROOT = /Users/s19447/Desktop/uPiper/NativePlugins/OpenJTalk/build_ios/OS64/build;
				"VALID_ARCHS[sdk=iphoneos*]" = arm64;
			};
			name = RelWithDebInfo;
		};
		C1D2F5A001F840759DB8B881 /* MinSizeRel */ = {
			isa = XCBuildConfiguration;
			buildSettings = {
				ALWAYS_SEARCH_USER_PATHS = NO;
				COMBINE_HIDPI_IMAGES = YES;
				GCC_GENERATE_DEBUGGING_SYMBOLS = YES;
				GCC_INLINES_ARE_PRIVATE_EXTERN = NO;
				GCC_OPTIMIZATION_LEVEL = 0;
				GCC_PREPROCESSOR_DEFINITIONS = ("'CMAKE_INTDIR=\"$(CONFIGURATION)$(EFFECTIVE_PLATFORM_NAME)\"'","$(inherited)");
				GCC_SYMBOLS_PRIVATE_EXTERN = NO;
				INSTALL_PATH = "";
				OTHER_LDFLAGS = ("","$(inherited)");
				OTHER_REZFLAGS = "";
				PRODUCT_NAME = ZERO_CHECK;
				SECTORDER_FLAGS = "";
				USE_HEADERMAP = NO;
				WARNING_CFLAGS = ("$(inherited)");
			};
			name = MinSizeRel;
		};
		D1DBF74A44F04D61B6E96497 /* RelWithDebInfo */ = {
			isa = XCBuildConfiguration;
			buildSettings = {
				ALWAYS_SEARCH_USER_PATHS = NO;
				ARCHS = arm64;
				COMBINE_HIDPI_IMAGES = YES;
				CONFIGURATION_BUILD_DIR = /Users/s19447/Desktop/uPiper/NativePlugins/OpenJTalk/build_ios/OS64/lib/RelWithDebInfo;
				EXECUTABLE_PREFIX = lib;
				EXECUTABLE_SUFFIX = .dylib;
				GCC_GENERATE_DEBUGGING_SYMBOLS = YES;
				GCC_INLINES_ARE_PRIVATE_EXTERN = NO;
				GCC_OPTIMIZATION_LEVEL = 3;
				GCC_PREPROCESSOR_DEFINITIONS = ("'CMAKE_INTDIR=\"$(CONFIGURATION)$(EFFECTIVE_PLATFORM_NAME)\"'",IOS,"$(inherited)");
				GCC_SYMBOLS_PRIVATE_EXTERN = NO;
				HEADER_SEARCH_PATHS = (/Users/s19447/Desktop/uPiper/NativePlugins/OpenJTalk/include,/Users/s19447/Desktop/uPiper/NativePlugins/OpenJTalk/external/openjtalk_build/install/include,"/Users/s19447/Desktop/uPiper/NativePlugins/OpenJTalk/external/openjtalk_build/open_jtalk-1.11/jpcommon","/Users/s19447/Desktop/uPiper/NativePlugins/OpenJTalk/external/openjtalk_build/open_jtalk-1.11/njd","/Users/s19447/Desktop/uPiper/NativePlugins/OpenJTalk/external/openjtalk_build/open_jtalk-1.11/mecab/src","/Users/s19447/Desktop/uPiper/NativePlugins/OpenJTalk/external/openjtalk_build/open_jtalk-1.11/text2mecab","/Users/s19447/Desktop/uPiper/NativePlugins/OpenJTalk/external/openjtalk_build/open_jtalk-1.11/mecab2njd","/Users/s19447/Desktop/uPiper/NativePlugins/OpenJTalk/external/openjtalk_build/open_jtalk-1.11/njd_set_pronunciation","/Users/s19447/Desktop/uPiper/NativePlugins/OpenJTalk/external/openjtalk_build/open_jtalk-1.11/njd_set_digit","/Users/s19447/Desktop/uPiper/NativePlugins/OpenJTalk/external/openjtalk_build/open_jtalk-1.11/njd_set_accent_phrase","/Users/s19447/Desktop/uPiper/NativePlugins/OpenJTalk/external/openjtalk_build/open_jtalk-1.11/njd_set_accent_type","/Users/s19447/Desktop/uPiper/NativePlugins/OpenJTalk/external/openjtalk_build/open_jtalk-1.11/njd_set_unvoiced_vowel","/Users/s19447/Desktop/uPiper/NativePlugins/OpenJTalk/external/openjtalk_build/open_jtalk-1.11/njd_set_long_vowel","/Users/s19447/Desktop/uPiper/NativePlugins/OpenJTalk/external/openjtalk_build/open_jtalk-1.11/njd2jpcommon","$(inherited)");
				INSTALL_PATH = "";
				LIBRARY_STYLE = STATIC;
				ONLY_ACTIVE_ARCH = NO;
				OTHER_CFLAGS = (" -fembed-bitcode        -DNDEBUG '-std=gnu99' -fPIC -Wall     ","$(inherited)");
				OTHER_LIBTOOLFLAGS = ("");
				OTHER_REZFLAGS = "";
				PRODUCT_NAME = openjtalk_wrapper;
				SECTORDER_FLAGS = "";
				TARGET_TEMP_DIR = "/Users/s19447/Desktop/uPiper/NativePlugins/OpenJTalk/build_ios/OS64/build/openjtalk_wrapper.build/$(CONFIGURATION)$(EFFECTIVE_PLATFORM_NAME)";
				USE_HEADERMAP = NO;
				VALID_ARCHS = arm64;
				WARNING_CFLAGS = ("$(inherited)");
			};
			name = RelWithDebInfo;
		};
		D5016FE3720F413994B46FFF /* Release */ = {
			isa = XCBuildConfiguration;
			buildSettings = {
				ALWAYS_SEARCH_USER_PATHS = NO;
				COMBINE_HIDPI_IMAGES = YES;
				GCC_GENERATE_DEBUGGING_SYMBOLS = YES;
				GCC_INLINES_ARE_PRIVATE_EXTERN = NO;
				GCC_OPTIMIZATION_LEVEL = 0;
				GCC_PREPROCESSOR_DEFINITIONS = ("'CMAKE_INTDIR=\"$(CONFIGURATION)$(EFFECTIVE_PLATFORM_NAME)\"'","$(inherited)");
				GCC_SYMBOLS_PRIVATE_EXTERN = NO;
				INSTALL_PATH = "";
				OTHER_LDFLAGS = ("","$(inherited)");
				OTHER_REZFLAGS = "";
				PRODUCT_NAME = ZERO_CHECK;
				SECTORDER_FLAGS = "";
				USE_HEADERMAP = NO;
				WARNING_CFLAGS = ("$(inherited)");
			};
			name = Release;
		};
		E419253CCC994A8AB1BB43FD /* Release */ = {
			isa = XCBuildConfiguration;
			buildSettings = {
				ALWAYS_SEARCH_USER_PATHS = NO;
				COMBINE_HIDPI_IMAGES = YES;
				GCC_GENERATE_DEBUGGING_SYMBOLS = YES;
				GCC_INLINES_ARE_PRIVATE_EXTERN = NO;
				GCC_OPTIMIZATION_LEVEL = 0;
				GCC_PREPROCESSOR_DEFINITIONS = ("'CMAKE_INTDIR=\"$(CONFIGURATION)$(EFFECTIVE_PLATFORM_NAME)\"'","$(inherited)");
				GCC_SYMBOLS_PRIVATE_EXTERN = NO;
				INSTALL_PATH = "";
				OTHER_LDFLAGS = ("","$(inherited)");
				OTHER_REZFLAGS = "";
				PRODUCT_NAME = ALL_BUILD;
				SECTORDER_FLAGS = "";
				USE_HEADERMAP = NO;
				WARNING_CFLAGS = ("$(inherited)");
			};
			name = Release;
		};
		EF0B31F5B4FF4DFE84863824 /* Debug */ = {
			isa = XCBuildConfiguration;
			buildSettings = {
				ARCHS = arm64;
				"ARCHS[sdk=iphoneos*]" = arm64;
				CLANG_CXX_LIBRARY = "libc++";
				CLANG_ENABLE_OBJC_ARC = YES;
				CODE_SIGNING_ALLOWED = NO;
				CODE_SIGNING_REQUIRED = NO;
				ENABLE_BITCODE = NO;
				GCC_SYMBOLS_PRIVATE_EXTERN = YES;
				IPHONEOS_DEPLOYMENT_TARGET = 13.0;
				ONLY_ACTIVE_ARCH = NO;
				SDKROOT = /Applications/Xcode.app/Contents/Developer/Platforms/iPhoneOS.platform/Developer/SDKs/iPhoneOS26.0.sdk;
				SYMROOT = /Users/s19447/Desktop/uPiper/NativePlugins/OpenJTalk/build_ios/OS64/build;
				"VALID_ARCHS[sdk=iphoneos*]" = arm64;
			};
			name = Debug;
		};
/* End XCBuildConfiguration section */

/* Begin XCConfigurationList section */
		376381E1DF0543969B4FF521 /* Build configuration list for PBXAggregateTarget "ALL_BUILD" */ = {
			isa = XCConfigurationList;
			buildConfigurations = (
				6EE3AA6FE36A49EAB94D90DD /* Debug */,
				E419253CCC994A8AB1BB43FD /* Release */,
				9C0B81E820154BD2AF317E03 /* MinSizeRel */,
				02C67F3E86FF4CBD92AA393A /* RelWithDebInfo */,
			);
			defaultConfigurationIsVisible = 0;
			defaultConfigurationName = Debug;
		};
		A6A469981282478F8ED4462B /* Build configuration list for PBXProject "openjtalk_wrapper" */ = {
			isa = XCConfigurationList;
			buildConfigurations = (
				EF0B31F5B4FF4DFE84863824 /* Debug */,
				2755AAA63277443F9D61B5CB /* Release */,
				8423F447EFEF4890905CDB91 /* MinSizeRel */,
				A9C6CAFCBC634D7AB270092E /* RelWithDebInfo */,
			);
			defaultConfigurationIsVisible = 0;
			defaultConfigurationName = Debug;
		};
		AFEBD3B4E58F47F4AE1080CD /* Build configuration list for PBXAggregateTarget "ZERO_CHECK" */ = {
			isa = XCConfigurationList;
			buildConfigurations = (
				A09A3A701048453DB7153304 /* Debug */,
				D5016FE3720F413994B46FFF /* Release */,
				C1D2F5A001F840759DB8B881 /* MinSizeRel */,
				4660DDFFA5404128AE60D4C1 /* RelWithDebInfo */,
			);
			defaultConfigurationIsVisible = 0;
			defaultConfigurationName = Debug;
		};
		C1529947CAE64C40A7259C7F /* Build configuration list for PBXAggregateTarget "install" */ = {
			isa = XCConfigurationList;
			buildConfigurations = (
				81B11B7265C54612AB3EA0C1 /* Debug */,
				5A4859B70CBC4CCA91DFABE7 /* Release */,
				2F4BA3BF4438461D9A1E273B /* MinSizeRel */,
				5B9066D150434E389A581437 /* RelWithDebInfo */,
			);
			defaultConfigurationIsVisible = 0;
			defaultConfigurationName = Debug;
		};
		C458DF6BB5A9432BA3359122 /* Build configuration list for PBXNativeTarget "openjtalk_wrapper" */ = {
			isa = XCConfigurationList;
			buildConfigurations = (
				49A4A612943244B5ADE0EAFD /* Debug */,
				2D28B0457C5B4A22AAD5395A /* Release */,
				745C7FE423EF4CC59F04B118 /* MinSizeRel */,
				D1DBF74A44F04D61B6E96497 /* RelWithDebInfo */,
			);
			defaultConfigurationIsVisible = 0;
			defaultConfigurationName = Debug;
		};
/* End XCConfigurationList section */
	};
	rootObject = 8007075165734F08B52CE024 /* Project object */;
}
